
Microsoft Visual Studio Solution File, Format Version 12.00
# Visual Studio Version 16
VisualStudioVersion = 16.0.29920.165
MinimumVisualStudioVersion = 10.0.40219.1
Project("{8BC9CEB8-8B4A-11D0-8D11-00A0C91BC942}") = "MapEditorNTP", "MapEditorNTP\MapEditorNTP.vcxproj", "{22CD9B6A-C0D0-4191-AF10-8E8B46A0F7A1}"
EndProject
Global
	GlobalSection(SolutionConfigurationPlatforms) = preSolution
		Debug|x64 = Debug|x64
		Debug|x86 = Debug|x86
		Release|x64 = Release|x64
		Release|x86 = Release|x86
	EndGlobalSection
	GlobalSection(ProjectConfigurationPlatforms) = postSolution
		{22CD9B6A-C0D0-4191-AF10-8E8B46A0F7A1}.Debug|x64.ActiveCfg = Debug|x64
		{22CD9B6A-C0D0-4191-AF10-8E8B46A0F7A1}.Debug|x64.Build.0 = Debug|x64
		{22CD9B6A-C0D0-4191-AF10-8E8B46A0F7A1}.Debug|x86.ActiveCfg = Debug|Win32
		{22CD9B6A-C0D0-4191-AF10-8E8B46A0F7A1}.Debug|x86.Build.0 = Debug|Win32
		{22CD9B6A-C0D0-4191-AF10-8E8B46A0F7A1}.Release|x64.ActiveCfg = Release|x64
		{22CD9B6A-C0D0-4191-AF10-8E8B46A0F7A1}.Release|x64.Build.0 = Release|x64
		{22CD9B6A-C0D0-4191-AF10-8E8B46A0F7A1}.Release|x86.ActiveCfg = Release|Win32
		{22CD9B6A-C0D0-4191-AF10-8E8B46A0F7A1}.Release|x86.Build.0 = Release|Win32
	EndGlobalSection
	GlobalSection(SolutionProperties) = preSolution
		HideSolutionNode = FALSE
	EndGlobalSection
	GlobalSection(ExtensibilityGlobals) = postSolution
		SolutionGuid = {A1BBBB0E-C9C2-4BE6-983C-B9B8C6EE63FA}
	EndGlobalSection
EndGlobal
